// !$*UTF8*$!
{
	archiveVersion = 1;
	classes = {
	};
	objectVersion = 56;
	objects = {

/* Begin PBXBuildFile section */
		100000000000000000000001 /* NYCDiscoverApp.swift in Sources */ = {isa = PBXBuildFile; fileRef = 200000000000000000000001 /* NYCDiscoverApp.swift */; };
		100000000000000000000002 /* DiscoveryModels.swift in Sources */ = {isa = PBXBuildFile; fileRef = 200000000000000000000002 /* DiscoveryModels.swift */; };
		100000000000000000000003 /* DiscoveryForm.swift in Sources */ = {isa = PBXBuildFile; fileRef = 200000000000000000000003 /* DiscoveryForm.swift */; };
		100000000000000000000004 /* APIClient.swift in Sources */ = {isa = PBXBuildFile; fileRef = 200000000000000000000004 /* APIClient.swift */; };
		100000000000000000000005 /* DemoData.swift in Sources */ = {isa = PBXBuildFile; fileRef = 200000000000000000000005 /* DemoData.swift */; };
		100000000000000000000006 /* LocationService.swift in Sources */ = {isa = PBXBuildFile; fileRef = 200000000000000000000006 /* LocationService.swift */; };
		100000000000000000000007 /* DiscoveryViewModel.swift in Sources */ = {isa = PBXBuildFile; fileRef = 200000000000000000000007 /* DiscoveryViewModel.swift */; };
		100000000000000000000008 /* DiscoveryRootView.swift in Sources */ = {isa = PBXBuildFile; fileRef = 200000000000000000000008 /* DiscoveryRootView.swift */; };
		100000000000000000000009 /* PlannerView.swift in Sources */ = {isa = PBXBuildFile; fileRef = 200000000000000000000009 /* PlannerView.swift */; };
		10000000000000000000000A /* ResultsView.swift in Sources */ = {isa = PBXBuildFile; fileRef = 20000000000000000000000A /* ResultsView.swift */; };
		10000000000000000000000B /* ItineraryMapView.swift in Sources */ = {isa = PBXBuildFile; fileRef = 20000000000000000000000B /* ItineraryMapView.swift */; };
		10000000000000000000000C /* DiscoveryFormTests.swift in Sources */ = {isa = PBXBuildFile; fileRef = 20000000000000000000000D /* DiscoveryFormTests.swift */; };
		10000000000000000000000D /* SavedItinerary.swift in Sources */ = {isa = PBXBuildFile; fileRef = 200000000000000000000010 /* SavedItinerary.swift */; };
		10000000000000000000000E /* SavedItineraryStore.swift in Sources */ = {isa = PBXBuildFile; fileRef = 200000000000000000000011 /* SavedItineraryStore.swift */; };
		10000000000000000000000F /* ItineraryShareFormatter.swift in Sources */ = {isa = PBXBuildFile; fileRef = 200000000000000000000012 /* ItineraryShareFormatter.swift */; };
		100000000000000000000010 /* MapsLauncher.swift in Sources */ = {isa = PBXBuildFile; fileRef = 200000000000000000000013 /* MapsLauncher.swift */; };
		100000000000000000000011 /* SavedPlansView.swift in Sources */ = {isa = PBXBuildFile; fileRef = 200000000000000000000014 /* SavedPlansView.swift */; };
		100000000000000000000012 /* UsefulnessPackTests.swift in Sources */ = {isa = PBXBuildFile; fileRef = 200000000000000000000015 /* UsefulnessPackTests.swift */; };
/* End PBXBuildFile section */

/* Begin PBXContainerItemProxy section */
		300000000000000000000001 /* PBXContainerItemProxy */ = {
			isa = PBXContainerItemProxy;
			containerPortal = 500000000000000000000001 /* Project object */;
			proxyType = 1;
			remoteGlobalIDString = 600000000000000000000001;
			remoteInfo = NYCDiscover;
		};
/* End PBXContainerItemProxy section */

/* Begin PBXFileReference section */
		200000000000000000000001 /* NYCDiscoverApp.swift */ = {isa = PBXFileReference; lastKnownFileType = sourcecode.swift; path = NYCDiscoverApp.swift; sourceTree = "<group>"; };
		200000000000000000000002 /* DiscoveryModels.swift */ = {isa = PBXFileReference; lastKnownFileType = sourcecode.swift; path = DiscoveryModels.swift; sourceTree = "<group>"; };
		200000000000000000000003 /* DiscoveryForm.swift */ = {isa = PBXFileReference; lastKnownFileType = sourcecode.swift; path = DiscoveryForm.swift; sourceTree = "<group>"; };
		200000000000000000000004 /* APIClient.swift */ = {isa = PBXFileReference; lastKnownFileType = sourcecode.swift; path = APIClient.swift; sourceTree = "<group>"; };
		200000000000000000000005 /* DemoData.swift */ = {isa = PBXFileReference; lastKnownFileType = sourcecode.swift; path = DemoData.swift; sourceTree = "<group>"; };
		200000000000000000000006 /* LocationService.swift */ = {isa = PBXFileReference; lastKnownFileType = sourcecode.swift; path = LocationService.swift; sourceTree = "<group>"; };
		200000000000000000000007 /* DiscoveryViewModel.swift */ = {isa = PBXFileReference; lastKnownFileType = sourcecode.swift; path = DiscoveryViewModel.swift; sourceTree = "<group>"; };
		200000000000000000000008 /* DiscoveryRootView.swift */ = {isa = PBXFileReference; lastKnownFileType = sourcecode.swift; path = DiscoveryRootView.swift; sourceTree = "<group>"; };
		200000000000000000000009 /* PlannerView.swift */ = {isa = PBXFileReference; lastKnownFileType = sourcecode.swift; path = PlannerView.swift; sourceTree = "<group>"; };
		20000000000000000000000A /* ResultsView.swift */ = {isa = PBXFileReference; lastKnownFileType = sourcecode.swift; path = ResultsView.swift; sourceTree = "<group>"; };
		20000000000000000000000B /* ItineraryMapView.swift */ = {isa = PBXFileReference; lastKnownFileType = sourcecode.swift; path = ItineraryMapView.swift; sourceTree = "<group>"; };
		20000000000000000000000C /* Info.plist */ = {isa = PBXFileReference; lastKnownFileType = text.plist.xml; path = Info.plist; sourceTree = "<group>"; };
		20000000000000000000000D /* DiscoveryFormTests.swift */ = {isa = PBXFileReference; lastKnownFileType = sourcecode.swift; path = DiscoveryFormTests.swift; sourceTree = "<group>"; };
		20000000000000000000000E /* NYCDiscover.app */ = {isa = PBXFileReference; explicitFileType = wrapper.application; includeInIndex = 0; path = NYCDiscover.app; sourceTree = BUILT_PRODUCTS_DIR; };
		20000000000000000000000F /* NYCDiscoverTests.xctest */ = {isa = PBXFileReference; explicitFileType = wrapper.cfbundle; includeInIndex = 0; path = NYCDiscoverTests.xctest; sourceTree = BUILT_PRODUCTS_DIR; };
		200000000000000000000010 /* SavedItinerary.swift */ = {isa = PBXFileReference; lastKnownFileType = sourcecode.swift; path = SavedItinerary.swift; sourceTree = "<group>"; };
		200000000000000000000011 /* SavedItineraryStore.swift */ = {isa = PBXFileReference; lastKnownFileType = sourcecode.swift; path = SavedItineraryStore.swift; sourceTree = "<group>"; };
		200000000000000000000012 /* ItineraryShareFormatter.swift */ = {isa = PBXFileReference; lastKnownFileType = sourcecode.swift; path = ItineraryShareFormatter.swift; sourceTree = "<group>"; };
		200000000000000000000013 /* MapsLauncher.swift */ = {isa = PBXFileReference; lastKnownFileType = sourcecode.swift; path = MapsLauncher.swift; sourceTree = "<group>"; };
		200000000000000000000014 /* SavedPlansView.swift */ = {isa = PBXFileReference; lastKnownFileType = sourcecode.swift; path = SavedPlansView.swift; sourceTree = "<group>"; };
		200000000000000000000015 /* UsefulnessPackTests.swift */ = {isa = PBXFileReference; lastKnownFileType = sourcecode.swift; path = UsefulnessPackTests.swift; sourceTree = "<group>"; };
/* End PBXFileReference section */

/* Begin PBXFrameworksBuildPhase section */
		400000000000000000000001 /* Frameworks */ = {
			isa = PBXFrameworksBuildPhase;
			buildActionMask = 2147483647;
			files = (
			);
			runOnlyForDeploymentPostprocessing = 0;
		};
		400000000000000000000002 /* Frameworks */ = {
			isa = PBXFrameworksBuildPhase;
			buildActionMask = 2147483647;
			files = (
			);
			runOnlyForDeploymentPostprocessing = 0;
		};
/* End PBXFrameworksBuildPhase section */

/* Begin PBXGroup section */
		700000000000000000000001 = {
			isa = PBXGroup;
			children = (
				700000000000000000000002 /* NYCDiscover */,
				700000000000000000000008 /* NYCDiscoverTests */,
				700000000000000000000009 /* Products */,
			);
			sourceTree = "<group>";
		};
		700000000000000000000002 /* NYCDiscover */ = {
			isa = PBXGroup;
			children = (
				200000000000000000000001 /* NYCDiscoverApp.swift */,
				700000000000000000000003 /* Models */,
				700000000000000000000004 /* Services */,
				700000000000000000000005 /* ViewModels */,
				700000000000000000000006 /* Views */,
				700000000000000000000007 /* Resources */,
			);
			path = NYCDiscover;
			sourceTree = "<group>";
		};
		700000000000000000000003 /* Models */ = {
			isa = PBXGroup;
			children = (
				200000000000000000000002 /* DiscoveryModels.swift */,
				200000000000000000000003 /* DiscoveryForm.swift */,
				200000000000000000000010 /* SavedItinerary.swift */,
			);
			path = Models;
			sourceTree = "<group>";
		};
		700000000000000000000004 /* Services */ = {
			isa = PBXGroup;
			children = (
				200000000000000000000004 /* APIClient.swift */,
				200000000000000000000005 /* DemoData.swift */,
				200000000000000000000012 /* ItineraryShareFormatter.swift */,
				200000000000000000000006 /* LocationService.swift */,
				200000000000000000000013 /* MapsLauncher.swift */,
				200000000000000000000011 /* SavedItineraryStore.swift */,
			);
			path = Services;
			sourceTree = "<group>";
		};
		700000000000000000000005 /* ViewModels */ = {
			isa = PBXGroup;
			children = (
				200000000000000000000007 /* DiscoveryViewModel.swift */,
			);
			path = ViewModels;
			sourceTree = "<group>";
		};
		700000000000000000000006 /* Views */ = {
			isa = PBXGroup;
			children = (
				200000000000000000000008 /* DiscoveryRootView.swift */,
				200000000000000000000009 /* PlannerView.swift */,
				20000000000000000000000A /* ResultsView.swift */,
				20000000000000000000000B /* ItineraryMapView.swift */,
				200000000000000000000014 /* SavedPlansView.swift */,
			);
			path = Views;
			sourceTree = "<group>";
		};
		700000000000000000000007 /* Resources */ = {
			isa = PBXGroup;
			children = (
				20000000000000000000000C /* Info.plist */,
			);
			path = Resources;
			sourceTree = "<group>";
		};
		700000000000000000000008 /* NYCDiscoverTests */ = {
			isa = PBXGroup;
			children = (
				20000000000000000000000D /* DiscoveryFormTests.swift */,
				200000000000000000000015 /* UsefulnessPackTests.swift */,
			);
			path = NYCDiscoverTests;
			sourceTree = "<group>";
		};
		700000000000000000000009 /* Products */ = {
			isa = PBXGroup;
			children = (
				20000000000000000000000E /* NYCDiscover.app */,
				20000000000000000000000F /* NYCDiscoverTests.xctest */,
			);
			name = Products;
			sourceTree = "<group>";
		};
/* End PBXGroup section */

/* Begin PBXNativeTarget section */
		600000000000000000000001 /* NYCDiscover */ = {
			isa = PBXNativeTarget;
			buildConfigurationList = 900000000000000000000003 /* Build configuration list for PBXNativeTarget "NYCDiscover" */;
			buildPhases = (
				800000000000000000000001 /* Sources */,
				400000000000000000000001 /* Frameworks */,
				800000000000000000000002 /* Resources */,
			);
			buildRules = (
			);
			dependencies = (
			);
			name = NYCDiscover;
			productName = NYCDiscover;
			productReference = 20000000000000000000000E /* NYCDiscover.app */;
			productType = "com.apple.product-type.application";
		};
		600000000000000000000002 /* NYCDiscoverTests */ = {
			isa = PBXNativeTarget;
			buildConfigurationList = 900000000000000000000004 /* Build configuration list for PBXNativeTarget "NYCDiscoverTests" */;
			buildPhases = (
				800000000000000000000003 /* Sources */,
				400000000000000000000002 /* Frameworks */,
				800000000000000000000004 /* Resources */,
			);
			buildRules = (
			);
			dependencies = (
				300000000000000000000002 /* PBXTargetDependency */,
			);
			name = NYCDiscoverTests;
			productName = NYCDiscoverTests;
			productReference = 20000000000000000000000F /* NYCDiscoverTests.xctest */;
			productType = "com.apple.product-type.bundle.unit-test";
		};
/* End PBXNativeTarget section */

/* Begin PBXProject section */
		500000000000000000000001 /* Project object */ = {
			isa = PBXProject;
			attributes = {
				BuildIndependentTargetsInParallel = 1;
				LastSwiftUpdateCheck = 2605;
				LastUpgradeCheck = 2605;
				TargetAttributes = {
					600000000000000000000001 = {
						CreatedOnToolsVersion = 26.5;
					};
					600000000000000000000002 = {
						CreatedOnToolsVersion = 26.5;
						TestTargetID = 600000000000000000000001;
					};
				};
			};
			buildConfigurationList = 900000000000000000000001 /* Build configuration list for PBXProject "NYCDiscover" */;
			compatibilityVersion = "Xcode 15.0";
			developmentRegion = en;
			hasScannedForEncodings = 0;
			knownRegions = (
				en,
				Base,
			);
			mainGroup = 700000000000000000000001;
			productRefGroup = 700000000000000000000009 /* Products */;
			projectDirPath = "";
			projectRoot = "";
			targets = (
				600000000000000000000001 /* NYCDiscover */,
				600000000000000000000002 /* NYCDiscoverTests */,
			);
		};
/* End PBXProject section */

/* Begin PBXResourcesBuildPhase section */
		800000000000000000000002 /* Resources */ = {
			isa = PBXResourcesBuildPhase;
			buildActionMask = 2147483647;
			files = (
			);
			runOnlyForDeploymentPostprocessing = 0;
		};
		800000000000000000000004 /* Resources */ = {
			isa = PBXResourcesBuildPhase;
			buildActionMask = 2147483647;
			files = (
			);
			runOnlyForDeploymentPostprocessing = 0;
		};
/* End PBXResourcesBuildPhase section */

/* Begin PBXSourcesBuildPhase section */
		800000000000000000000001 /* Sources */ = {
			isa = PBXSourcesBuildPhase;
			buildActionMask = 2147483647;
			files = (
				100000000000000000000001 /* NYCDiscoverApp.swift in Sources */,
				100000000000000000000002 /* DiscoveryModels.swift in Sources */,
				100000000000000000000003 /* DiscoveryForm.swift in Sources */,
				10000000000000000000000D /* SavedItinerary.swift in Sources */,
				100000000000000000000004 /* APIClient.swift in Sources */,
				100000000000000000000005 /* DemoData.swift in Sources */,
				10000000000000000000000F /* ItineraryShareFormatter.swift in Sources */,
				100000000000000000000006 /* LocationService.swift in Sources */,
				100000000000000000000010 /* MapsLauncher.swift in Sources */,
				10000000000000000000000E /* SavedItineraryStore.swift in Sources */,
				100000000000000000000007 /* DiscoveryViewModel.swift in Sources */,
				100000000000000000000008 /* DiscoveryRootView.swift in Sources */,
				100000000000000000000009 /* PlannerView.swift in Sources */,
				10000000000000000000000A /* ResultsView.swift in Sources */,
				10000000000000000000000B /* ItineraryMapView.swift in Sources */,
				100000000000000000000011 /* SavedPlansView.swift in Sources */,
			);
			runOnlyForDeploymentPostprocessing = 0;
		};
		800000000000000000000003 /* Sources */ = {
			isa = PBXSourcesBuildPhase;
			buildActionMask = 2147483647;
			files = (
				10000000000000000000000C /* DiscoveryFormTests.swift in Sources */,
				100000000000000000000012 /* UsefulnessPackTests.swift in Sources */,
			);
			runOnlyForDeploymentPostprocessing = 0;
		};
/* End PBXSourcesBuildPhase section */

/* Begin PBXTargetDependency section */
		300000000000000000000002 /* PBXTargetDependency */ = {
			isa = PBXTargetDependency;
			target = 600000000000000000000001 /* NYCDiscover */;
			targetProxy = 300000000000000000000001 /* PBXContainerItemProxy */;
		};
/* End PBXTargetDependency section */

/* Begin XCBuildConfiguration section */
		900000000000000000000005 /* Debug */ = {
			isa = XCBuildConfiguration;
			buildSettings = {
				ALWAYS_SEARCH_USER_PATHS = NO;
				CLANG_ANALYZER_NONNULL = YES;
				CLANG_ANALYZER_NUMBER_OBJECT_CONVERSION = YES_AGGRESSIVE;
				CLANG_CXX_LANGUAGE_STANDARD = "gnu++20";
				CLANG_ENABLE_MODULES = YES;
				CLANG_ENABLE_OBJC_ARC = YES;
				CLANG_ENABLE_OBJC_WEAK = YES;
				CLANG_WARN_BLOCK_CAPTURE_AUTORELEASING = YES;
				CLANG_WARN_BOOL_CONVERSION = YES;
				CLANG_WARN_COMMA = YES;
				CLANG_WARN_CONSTANT_CONVERSION = YES;
				CLANG_WARN_DEPRECATED_OBJC_IMPLEMENTATIONS = YES;
				CLANG_WARN_DIRECT_OBJC_ISA_USAGE = YES_ERROR;
				CLANG_WARN_DOCUMENTATION_COMMENTS = YES;
				CLANG_WARN_EMPTY_BODY = YES;
				CLANG_WARN_ENUM_CONVERSION = YES;
				CLANG_WARN_INFINITE_RECURSION = YES;
				CLANG_WARN_INT_CONVERSION = YES;
				CLANG_WARN_NON_LITERAL_NULL_CONVERSION = YES;
				CLANG_WARN_OBJC_IMPLICIT_RETAIN_SELF = YES;
				CLANG_WARN_OBJC_LITERAL_CONVERSION = YES;
				CLANG_WARN_OBJC_ROOT_CLASS = YES_ERROR;
				CLANG_WARN_QUOTED_INCLUDE_IN_FRAMEWORK_HEADER = YES;
				CLANG_WARN_RANGE_LOOP_ANALYSIS = YES;
				CLANG_WARN_STRICT_PROTOTYPES = YES;
				CLANG_WARN_SUSPICIOUS_MOVE = YES;
				CLANG_WARN_UNGUARDED_AVAILABILITY = YES_AGGRESSIVE;
				CLANG_WARN_UNREACHABLE_CODE = YES;
				CLANG_WARN__DUPLICATE_METHOD_MATCH = YES;
				COPY_PHASE_STRIP = NO;
				DEBUG_INFORMATION_FORMAT = dwarf;
				DEVELOPMENT_TEAM = "";
				ENABLE_STRICT_OBJC_MSGSEND = YES;
				ENABLE_TESTABILITY = YES;
				ENABLE_USER_SCRIPT_SANDBOXING = YES;
				GCC_C_LANGUAGE_STANDARD = gnu17;
				GCC_DYNAMIC_NO_PIC = NO;
				GCC_NO_COMMON_BLOCKS = YES;
				GCC_OPTIMIZATION_LEVEL = 0;
				GCC_PREPROCESSOR_DEFINITIONS = (
					"DEBUG=1",
					"$(inherited)",
				);
				GCC_WARN_64_TO_32_BIT_CONVERSION = YES;
				GCC_WARN_ABOUT_RETURN_TYPE = YES_ERROR;
				GCC_WARN_UNDECLARED_SELECTOR = YES;
				GCC_WARN_UNINITIALIZED_AUTOS = YES_AGGRESSIVE;
				GCC_WARN_UNUSED_FUNCTION = YES;
				GCC_WARN_UNUSED_VARIABLE = YES;
				IPHONEOS_DEPLOYMENT_TARGET = 17.0;
				LOCALIZATION_PREFERS_STRING_CATALOGS = YES;
				MTL_ENABLE_DEBUG_INFO = INCLUDE_SOURCE;
				MTL_FAST_MATH = YES;
				ONLY_ACTIVE_ARCH = YES;
				SDKROOT = iphoneos;
				SWIFT_ACTIVE_COMPILATION_CONDITIONS = DEBUG;
				SWIFT_OPTIMIZATION_LEVEL = "-Onone";
			};
			name = Debug;
		};
		900000000000000000000006 /* Release */ = {
			isa = XCBuildConfiguration;
			buildSettings = {
				ALWAYS_SEARCH_USER_PATHS = NO;
				CLANG_ANALYZER_NONNULL = YES;
				CLANG_ANALYZER_NUMBER_OBJECT_CONVERSION = YES_AGGRESSIVE;
				CLANG_CXX_LANGUAGE_STANDARD = "gnu++20";
				CLANG_ENABLE_MODULES = YES;
				CLANG_ENABLE_OBJC_ARC = YES;
				CLANG_ENABLE_OBJC_WEAK = YES;
				CLANG_WARN_BLOCK_CAPTURE_AUTORELEASING = YES;
				CLANG_WARN_BOOL_CONVERSION = YES;
				CLANG_WARN_COMMA = YES;
				CLANG_WARN_CONSTANT_CONVERSION = YES;
				CLANG_WARN_DEPRECATED_OBJC_IMPLEMENTATIONS = YES;
				CLANG_WARN_DIRECT_OBJC_ISA_USAGE = YES_ERROR;
				CLANG_WARN_DOCUMENTATION_COMMENTS = YES;
				CLANG_WARN_EMPTY_BODY = YES;
				CLANG_WARN_ENUM_CONVERSION = YES;
				CLANG_WARN_INFINITE_RECURSION = YES;
				CLANG_WARN_INT_CONVERSION = YES;
				CLANG_WARN_NON_LITERAL_NULL_CONVERSION = YES;
				CLANG_WARN_OBJC_IMPLICIT_RETAIN_SELF = YES;
				CLANG_WARN_OBJC_LITERAL_CONVERSION = YES;
				CLANG_WARN_OBJC_ROOT_CLASS = YES_ERROR;
				CLANG_WARN_QUOTED_INCLUDE_IN_FRAMEWORK_HEADER = YES;
				CLANG_WARN_RANGE_LOOP_ANALYSIS = YES;
				CLANG_WARN_STRICT_PROTOTYPES = YES;
				CLANG_WARN_SUSPICIOUS_MOVE = YES;
				CLANG_WARN_UNGUARDED_AVAILABILITY = YES_AGGRESSIVE;
				CLANG_WARN_UNREACHABLE_CODE = YES;
				CLANG_WARN__DUPLICATE_METHOD_MATCH = YES;
				COPY_PHASE_STRIP = NO;
				DEBUG_INFORMATION_FORMAT = "dwarf-with-dsym";
				DEVELOPMENT_TEAM = "";
				ENABLE_NS_ASSERTIONS = NO;
				ENABLE_STRICT_OBJC_MSGSEND = YES;
				ENABLE_USER_SCRIPT_SANDBOXING = YES;
				GCC_C_LANGUAGE_STANDARD = gnu17;
				GCC_NO_COMMON_BLOCKS = YES;
				GCC_WARN_64_TO_32_BIT_CONVERSION = YES;
				GCC_WARN_ABOUT_RETURN_TYPE = YES_ERROR;
				GCC_WARN_UNDECLARED_SELECTOR = YES;
				GCC_WARN_UNINITIALIZED_AUTOS = YES_AGGRESSIVE;
				GCC_WARN_UNUSED_FUNCTION = YES;
				GCC_WARN_UNUSED_VARIABLE = YES;
				IPHONEOS_DEPLOYMENT_TARGET = 17.0;
				LOCALIZATION_PREFERS_STRING_CATALOGS = YES;
				MTL_ENABLE_DEBUG_INFO = NO;
				MTL_FAST_MATH = YES;
				SDKROOT = iphoneos;
				SWIFT_COMPILATION_MODE = wholemodule;
				VALIDATE_PRODUCT = YES;
			};
			name = Release;
		};
		900000000000000000000007 /* Debug */ = {
			isa = XCBuildConfiguration;
			buildSettings = {
				CODE_SIGN_STYLE = Automatic;
				CURRENT_PROJECT_VERSION = 1;
				DEVELOPMENT_ASSET_PATHS = "";
				DEVELOPMENT_TEAM = "";
				ENABLE_PREVIEWS = YES;
				GENERATE_INFOPLIST_FILE = NO;
				INFOPLIST_FILE = NYCDiscover/Resources/Info.plist;
				LD_RUNPATH_SEARCH_PATHS = (
					"$(inherited)",
					"@executable_path/Frameworks",
				);
				MARKETING_VERSION = 0.1.0;
				PRODUCT_BUNDLE_IDENTIFIER = com.example.NYCDiscover;
				PRODUCT_NAME = "$(TARGET_NAME)";
				SUPPORTED_PLATFORMS = "iphoneos iphonesimulator";
				SUPPORTS_MACCATALYST = NO;
				SUPPORTS_MAC_DESIGNED_FOR_IPHONE_IPAD = NO;
				SWIFT_EMIT_LOC_STRINGS = YES;
				SWIFT_VERSION = 5.0;
				TARGETED_DEVICE_FAMILY = 1;
			};
			name = Debug;
		};
		900000000000000000000008 /* Release */ = {
			isa = XCBuildConfiguration;
			buildSettings = {
				CODE_SIGN_STYLE = Automatic;
				CURRENT_PROJECT_VERSION = 1;
				DEVELOPMENT_ASSET_PATHS = "";
				DEVELOPMENT_TEAM = "";
				ENABLE_PREVIEWS = YES;
				GENERATE_INFOPLIST_FILE = NO;
				INFOPLIST_FILE = NYCDiscover/Resources/Info.plist;
				LD_RUNPATH_SEARCH_PATHS = (
					"$(inherited)",
					"@executable_path/Frameworks",
				);
				MARKETING_VERSION = 0.1.0;
				PRODUCT_BUNDLE_IDENTIFIER = com.example.NYCDiscover;
				PRODUCT_NAME = "$(TARGET_NAME)";
				SUPPORTED_PLATFORMS = "iphoneos iphonesimulator";
				SUPPORTS_MACCATALYST = NO;
				SUPPORTS_MAC_DESIGNED_FOR_IPHONE_IPAD = NO;
				SWIFT_EMIT_LOC_STRINGS = YES;
				SWIFT_VERSION = 5.0;
				TARGETED_DEVICE_FAMILY = 1;
			};
			name = Release;
		};
		900000000000000000000009 /* Debug */ = {
			isa = XCBuildConfiguration;
			buildSettings = {
				BUNDLE_LOADER = "$(TEST_HOST)";
				CODE_SIGN_STYLE = Automatic;
				CURRENT_PROJECT_VERSION = 1;
				DEVELOPMENT_TEAM = "";
				GENERATE_INFOPLIST_FILE = YES;
				IPHONEOS_DEPLOYMENT_TARGET = 17.0;
				LD_RUNPATH_SEARCH_PATHS = (
					"$(inherited)",
					"@executable_path/Frameworks",
					"@loader_path/Frameworks",
				);
				MARKETING_VERSION = 0.1.0;
				PRODUCT_BUNDLE_IDENTIFIER = com.example.NYCDiscoverTests;
				PRODUCT_NAME = "$(TARGET_NAME)";
				SUPPORTED_PLATFORMS = "iphoneos iphonesimulator";
				SWIFT_EMIT_LOC_STRINGS = NO;
				SWIFT_VERSION = 5.0;
				TARGETED_DEVICE_FAMILY = 1;
				TEST_HOST = "$(BUILT_PRODUCTS_DIR)/NYCDiscover.app/$(BUNDLE_EXECUTABLE_FOLDER_PATH)/NYCDiscover";
			};
			name = Debug;
		};
		90000000000000000000000A /* Release */ = {
			isa = XCBuildConfiguration;
			buildSettings = {
				BUNDLE_LOADER = "$(TEST_HOST)";
				CODE_SIGN_STYLE = Automatic;
				CURRENT_PROJECT_VERSION = 1;
				DEVELOPMENT_TEAM = "";
				GENERATE_INFOPLIST_FILE = YES;
				IPHONEOS_DEPLOYMENT_TARGET = 17.0;
				LD_RUNPATH_SEARCH_PATHS = (
					"$(inherited)",
					"@executable_path/Frameworks",
					"@loader_path/Frameworks",
				);
				MARKETING_VERSION = 0.1.0;
				PRODUCT_BUNDLE_IDENTIFIER = com.example.NYCDiscoverTests;
				PRODUCT_NAME = "$(TARGET_NAME)";
				SUPPORTED_PLATFORMS = "iphoneos iphonesimulator";
				SWIFT_EMIT_LOC_STRINGS = NO;
				SWIFT_VERSION = 5.0;
				TARGETED_DEVICE_FAMILY = 1;
				TEST_HOST = "$(BUILT_PRODUCTS_DIR)/NYCDiscover.app/$(BUNDLE_EXECUTABLE_FOLDER_PATH)/NYCDiscover";
			};
			name = Release;
		};
/* End XCBuildConfiguration section */

/* Begin XCConfigurationList section */
		900000000000000000000001 /* Build configuration list for PBXProject "NYCDiscover" */ = {
			isa = XCConfigurationList;
			buildConfigurations = (
				900000000000000000000005 /* Debug */,
				900000000000000000000006 /* Release */,
			);
			defaultConfigurationIsVisible = 0;
			defaultConfigurationName = Release;
		};
		900000000000000000000003 /* Build configuration list for PBXNativeTarget "NYCDiscover" */ = {
			isa = XCConfigurationList;
			buildConfigurations = (
				900000000000000000000007 /* Debug */,
				900000000000000000000008 /* Release */,
			);
			defaultConfigurationIsVisible = 0;
			defaultConfigurationName = Release;
		};
		900000000000000000000004 /* Build configuration list for PBXNativeTarget "NYCDiscoverTests" */ = {
			isa = XCConfigurationList;
			buildConfigurations = (
				900000000000000000000009 /* Debug */,
				90000000000000000000000A /* Release */,
			);
			defaultConfigurationIsVisible = 0;
			defaultConfigurationName = Release;
		};
/* End XCConfigurationList section */
	};
	rootObject = 500000000000000000000001 /* Project object */;
}
